github.com/andybrewer/mack v0.0.0-20200226161639-15be3d47cc54 h1:uZMWs9VZiUv6J6gHdlDUA4Y11ckPLe+qYagoHfQb6BY=
github.com/andybrewer/mack v0.0.0-20200226161639-15be3d47cc54/go.mod h1:unYm1XWSUgGRVv0MaRe3DFEGh2OEcUQ/sFSGxXjXBfI=
github.com/bznein/notipher v0.0.0-20200903175925-7fb0b8f1ed41 h1:E2j8Kr91aTr4W4+0dHquo7azy9nmmWs1UmeG1Xqqh34=
github.com/bznein/notipher v0.0.0-20200903175925-7fb0b8f1ed41/go.mod h1:VAaHL8sak+Mlu/1GFwXHj5qW6GAUqquPR0lph3Qzhwc=
github.com/deckarep/gosx-notifier v0.0.0-20180201035817-e127226297fb h1:6S+TKObz6+Io2c8IOkcbK4Sz7nj6RpEVU7TkvmsZZcw=
github.com/deckarep/gosx-notifier v0.0.0-20180201035817-e127226297fb/go.mod h1:wf3nKtOnQqCp7kp9xB7hHnNlZ6m3NoiOxjrB9hFRq4Y=
